
Microsoft Visual Studio Solution File, Format Version 12.00
# Visual Studio 14
VisualStudioVersion = 14.0.25420.1
MinimumVisualStudioVersion = 10.0.40219.1
Project("{D954291E-2A0B-460D-934E-DC6B0785DB48}") = "MyQuizMobile", "MyQuizMobile\MyQuizMobile\MyQuizMobile.shproj", "{9F359CFC-2BCE-4A2D-8FB3-A167C437158E}"
EndProject
Project("{FAE04EC0-301F-11D3-BF4B-00C04F79EFBC}") = "MyQuizMobile.Droid", "MyQuizMobile\MyQuizMobile.Droid\MyQuizMobile.Droid.csproj", "{1E8D73A0-7ED8-4204-ABA3-6E40AA96EF98}"
EndProject
Project("{FAE04EC0-301F-11D3-BF4B-00C04F79EFBC}") = "MyQuizMobile.iOS", "MyQuizMobile\MyQuizMobile.iOS\MyQuizMobile.iOS.csproj", "{6A62E9A5-7EF0-4A3A-B972-0B350AB75F02}"
EndProject
Project("{FAE04EC0-301F-11D3-BF4B-00C04F79EFBC}") = "MyQuizMobile.UWP", "MyQuizMobile\MyQuizMobile.UWP\MyQuizMobile.UWP.csproj", "{75BFCD10-34C6-4775-A1F4-78B430DAE8AF}"
EndProject
Global
	GlobalSection(SharedMSBuildProjectFiles) = preSolution
		MyQuizMobile\MyQuizMobile\MyQuizMobile.projitems*{9f359cfc-2bce-4a2d-8fb3-a167c437158e}*SharedItemsImports = 13
	EndGlobalSection
	GlobalSection(SolutionConfigurationPlatforms) = preSolution
		Ad-Hoc|Any CPU = Ad-Hoc|Any CPU
		Ad-Hoc|ARM = Ad-Hoc|ARM
		Ad-Hoc|iPhone = Ad-Hoc|iPhone
		Ad-Hoc|iPhoneSimulator = Ad-Hoc|iPhoneSimulator
		Ad-Hoc|x64 = Ad-Hoc|x64
		Ad-Hoc|x86 = Ad-Hoc|x86
		AppStore|Any CPU = AppStore|Any CPU
		AppStore|ARM = AppStore|ARM
		AppStore|iPhone = AppStore|iPhone
		AppStore|iPhoneSimulator = AppStore|iPhoneSimulator
		AppStore|x64 = AppStore|x64
		AppStore|x86 = AppStore|x86
		Debug|Any CPU = Debug|Any CPU
		Debug|ARM = Debug|ARM
		Debug|iPhone = Debug|iPhone
		Debug|iPhoneSimulator = Debug|iPhoneSimulator
		Debug|x64 = Debug|x64
		Debug|x86 = Debug|x86
		Release|Any CPU = Release|Any CPU
		Release|ARM = Release|ARM
		Release|iPhone = Release|iPhone
		Release|iPhoneSimulator = Release|iPhoneSimulator
		Release|x64 = Release|x64
		Release|x86 = Release|x86
	EndGlobalSection
	GlobalSection(ProjectConfigurationPlatforms) = postSolution
		{1E8D73A0-7ED8-4204-ABA3-6E40AA96EF98}.Ad-Hoc|Any CPU.ActiveCfg = Release|Any CPU
		{1E8D73A0-7ED8-4204-ABA3-6E40AA96EF98}.Ad-Hoc|Any CPU.Build.0 = Release|Any CPU
		{1E8D73A0-7ED8-4204-ABA3-6E40AA96EF98}.Ad-Hoc|Any CPU.Deploy.0 = Release|Any CPU
		{1E8D73A0-7ED8-4204-ABA3-6E40AA96EF98}.Ad-Hoc|ARM.ActiveCfg = Release|Any CPU
		{1E8D73A0-7ED8-4204-ABA3-6E40AA96EF98}.Ad-Hoc|ARM.Build.0 = Release|Any CPU
		{1E8D73A0-7ED8-4204-ABA3-6E40AA96EF98}.Ad-Hoc|ARM.Deploy.0 = Release|Any CPU
		{1E8D73A0-7ED8-4204-ABA3-6E40AA96EF98}.Ad-Hoc|iPhone.ActiveCfg = Release|Any CPU
		{1E8D73A0-7ED8-4204-ABA3-6E40AA96EF98}.Ad-Hoc|iPhone.Build.0 = Release|Any CPU
		{1E8D73A0-7ED8-4204-ABA3-6E40AA96EF98}.Ad-Hoc|iPhone.Deploy.0 = Release|Any CPU
		{1E8D73A0-7ED8-4204-ABA3-6E40AA96EF98}.Ad-Hoc|iPhoneSimulator.ActiveCfg = Release|Any CPU
		{1E8D73A0-7ED8-4204-ABA3-6E40AA96EF98}.Ad-Hoc|iPhoneSimulator.Build.0 = Release|Any CPU
		{1E8D73A0-7ED8-4204-ABA3-6E40AA96EF98}.Ad-Hoc|iPhoneSimulator.Deploy.0 = Release|Any CPU
		{1E8D73A0-7ED8-4204-ABA3-6E40AA96EF98}.Ad-Hoc|x64.ActiveCfg = Release|Any CPU
		{1E8D73A0-7ED8-4204-ABA3-6E40AA96EF98}.Ad-Hoc|x64.Build.0 = Release|Any CPU
		{1E8D73A0-7ED8-4204-ABA3-6E40AA96EF98}.Ad-Hoc|x64.Deploy.0 = Release|Any CPU
		{1E8D73A0-7ED8-4204-ABA3-6E40AA96EF98}.Ad-Hoc|x86.ActiveCfg = Release|Any CPU
		{1E8D73A0-7ED8-4204-ABA3-6E40AA96EF98}.Ad-Hoc|x86.Build.0 = Release|Any CPU
		{1E8D73A0-7ED8-4204-ABA3-6E40AA96EF98}.Ad-Hoc|x86.Deploy.0 = Release|Any CPU
		{1E8D73A0-7ED8-4204-ABA3-6E40AA96EF98}.AppStore|Any CPU.ActiveCfg = Release|Any CPU
		{1E8D73A0-7ED8-4204-ABA3-6E40AA96EF98}.AppStore|Any CPU.Build.0 = Release|Any CPU
		{1E8D73A0-7ED8-4204-ABA3-6E40AA96EF98}.AppStore|Any CPU.Deploy.0 = Release|Any CPU
		{1E8D73A0-7ED8-4204-ABA3-6E40AA96EF98}.AppStore|ARM.ActiveCfg = Release|Any CPU
		{1E8D73A0-7ED8-4204-ABA3-6E40AA96EF98}.AppStore|ARM.Build.0 = Release|Any CPU
		{1E8D73A0-7ED8-4204-ABA3-6E40AA96EF98}.AppStore|ARM.Deploy.0 = Release|Any CPU
		{1E8D73A0-7ED8-4204-ABA3-6E40AA96EF98}.AppStore|iPhone.ActiveCfg = Release|Any CPU
		{1E8D73A0-7ED8-4204-ABA3-6E40AA96EF98}.AppStore|iPhone.Build.0 = Release|Any CPU
		{1E8D73A0-7ED8-4204-ABA3-6E40AA96EF98}.AppStore|iPhone.Deploy.0 = Release|Any CPU
		{1E8D73A0-7ED8-4204-ABA3-6E40AA96EF98}.AppStore|iPhoneSimulator.ActiveCfg = Release|Any CPU
		{1E8D73A0-7ED8-4204-ABA3-6E40AA96EF98}.AppStore|iPhoneSimulator.Build.0 = Release|Any CPU
		{1E8D73A0-7ED8-4204-ABA3-6E40AA96EF98}.AppStore|iPhoneSimulator.Deploy.0 = Release|Any CPU
		{1E8D73A0-7ED8-4204-ABA3-6E40AA96EF98}.AppStore|x64.ActiveCfg = Release|Any CPU
		{1E8D73A0-7ED8-4204-ABA3-6E40AA96EF98}.AppStore|x64.Build.0 = Release|Any CPU
		{1E8D73A0-7ED8-4204-ABA3-6E40AA96EF98}.AppStore|x64.Deploy.0 = Release|Any CPU
		{1E8D73A0-7ED8-4204-ABA3-6E40AA96EF98}.AppStore|x86.ActiveCfg = Release|Any CPU
		{1E8D73A0-7ED8-4204-ABA3-6E40AA96EF98}.AppStore|x86.Build.0 = Release|Any CPU
		{1E8D73A0-7ED8-4204-ABA3-6E40AA96EF98}.AppStore|x86.Deploy.0 = Release|Any CPU
		{1E8D73A0-7ED8-4204-ABA3-6E40AA96EF98}.Debug|Any CPU.ActiveCfg = Debug|Any CPU
		{1E8D73A0-7ED8-4204-ABA3-6E40AA96EF98}.Debug|Any CPU.Build.0 = Debug|Any CPU
		{1E8D73A0-7ED8-4204-ABA3-6E40AA96EF98}.Debug|Any CPU.Deploy.0 = Debug|Any CPU
		{1E8D73A0-7ED8-4204-ABA3-6E40AA96EF98}.Debug|ARM.ActiveCfg = Debug|Any CPU
		{1E8D73A0-7ED8-4204-ABA3-6E40AA96EF98}.Debug|ARM.Build.0 = Debug|Any CPU
		{1E8D73A0-7ED8-4204-ABA3-6E40AA96EF98}.Debug|ARM.Deploy.0 = Debug|Any CPU
		{1E8D73A0-7ED8-4204-ABA3-6E40AA96EF98}.Debug|iPhone.ActiveCfg = Debug|Any CPU
		{1E8D73A0-7ED8-4204-ABA3-6E40AA96EF98}.Debug|iPhone.Build.0 = Debug|Any CPU
		{1E8D73A0-7ED8-4204-ABA3-6E40AA96EF98}.Debug|iPhone.Deploy.0 = Debug|Any CPU
		{1E8D73A0-7ED8-4204-ABA3-6E40AA96EF98}.Debug|iPhoneSimulator.ActiveCfg = Debug|Any CPU
		{1E8D73A0-7ED8-4204-ABA3-6E40AA96EF98}.Debug|iPhoneSimulator.Build.0 = Debug|Any CPU
		{1E8D73A0-7ED8-4204-ABA3-6E40AA96EF98}.Debug|iPhoneSimulator.Deploy.0 = Debug|Any CPU
		{1E8D73A0-7ED8-4204-ABA3-6E40AA96EF98}.Debug|x64.ActiveCfg = Debug|Any CPU
		{1E8D73A0-7ED8-4204-ABA3-6E40AA96EF98}.Debug|x64.Build.0 = Debug|Any CPU
		{1E8D73A0-7ED8-4204-ABA3-6E40AA96EF98}.Debug|x64.Deploy.0 = Debug|Any CPU
		{1E8D73A0-7ED8-4204-ABA3-6E40AA96EF98}.Debug|x86.ActiveCfg = Debug|Any CPU
		{1E8D73A0-7ED8-4204-ABA3-6E40AA96EF98}.Debug|x86.Build.0 = Debug|Any CPU
		{1E8D73A0-7ED8-4204-ABA3-6E40AA96EF98}.Debug|x86.Deploy.0 = Debug|Any CPU
		{1E8D73A0-7ED8-4204-ABA3-6E40AA96EF98}.Release|Any CPU.ActiveCfg = Release|Any CPU
		{1E8D73A0-7ED8-4204-ABA3-6E40AA96EF98}.Release|Any CPU.Build.0 = Release|Any CPU
		{1E8D73A0-7ED8-4204-ABA3-6E40AA96EF98}.Release|Any CPU.Deploy.0 = Release|Any CPU
		{1E8D73A0-7ED8-4204-ABA3-6E40AA96EF98}.Release|ARM.ActiveCfg = Release|Any CPU
		{1E8D73A0-7ED8-4204-ABA3-6E40AA96EF98}.Release|ARM.Build.0 = Release|Any CPU
		{1E8D73A0-7ED8-4204-ABA3-6E40AA96EF98}.Release|ARM.Deploy.0 = Release|Any CPU
		{1E8D73A0-7ED8-4204-ABA3-6E40AA96EF98}.Release|iPhone.ActiveCfg = Release|Any CPU
		{1E8D73A0-7ED8-4204-ABA3-6E40AA96EF98}.Release|iPhone.Build.0 = Release|Any CPU
		{1E8D73A0-7ED8-4204-ABA3-6E40AA96EF98}.Release|iPhone.Deploy.0 = Release|Any CPU
		{1E8D73A0-7ED8-4204-ABA3-6E40AA96EF98}.Release|iPhoneSimulator.ActiveCfg = Release|Any CPU
		{1E8D73A0-7ED8-4204-ABA3-6E40AA96EF98}.Release|iPhoneSimulator.Build.0 = Release|Any CPU
		{1E8D73A0-7ED8-4204-ABA3-6E40AA96EF98}.Release|iPhoneSimulator.Deploy.0 = Release|Any CPU
		{1E8D73A0-7ED8-4204-ABA3-6E40AA96EF98}.Release|x64.ActiveCfg = Release|Any CPU
		{1E8D73A0-7ED8-4204-ABA3-6E40AA96EF98}.Release|x64.Build.0 = Release|Any CPU
		{1E8D73A0-7ED8-4204-ABA3-6E40AA96EF98}.Release|x64.Deploy.0 = Release|Any CPU
		{1E8D73A0-7ED8-4204-ABA3-6E40AA96EF98}.Release|x86.ActiveCfg = Release|Any CPU
		{1E8D73A0-7ED8-4204-ABA3-6E40AA96EF98}.Release|x86.Build.0 = Release|Any CPU
		{1E8D73A0-7ED8-4204-ABA3-6E40AA96EF98}.Release|x86.Deploy.0 = Release|Any CPU
		{6A62E9A5-7EF0-4A3A-B972-0B350AB75F02}.Ad-Hoc|Any CPU.ActiveCfg = Ad-Hoc|iPhone
		{6A62E9A5-7EF0-4A3A-B972-0B350AB75F02}.Ad-Hoc|ARM.ActiveCfg = Ad-Hoc|iPhone
		{6A62E9A5-7EF0-4A3A-B972-0B350AB75F02}.Ad-Hoc|iPhone.ActiveCfg = Ad-Hoc|iPhone
		{6A62E9A5-7EF0-4A3A-B972-0B350AB75F02}.Ad-Hoc|iPhone.Build.0 = Ad-Hoc|iPhone
		{6A62E9A5-7EF0-4A3A-B972-0B350AB75F02}.Ad-Hoc|iPhoneSimulator.ActiveCfg = Ad-Hoc|iPhoneSimulator
		{6A62E9A5-7EF0-4A3A-B972-0B350AB75F02}.Ad-Hoc|iPhoneSimulator.Build.0 = Ad-Hoc|iPhoneSimulator
		{6A62E9A5-7EF0-4A3A-B972-0B350AB75F02}.Ad-Hoc|x64.ActiveCfg = Ad-Hoc|iPhone
		{6A62E9A5-7EF0-4A3A-B972-0B350AB75F02}.Ad-Hoc|x86.ActiveCfg = Ad-Hoc|iPhone
		{6A62E9A5-7EF0-4A3A-B972-0B350AB75F02}.AppStore|Any CPU.ActiveCfg = AppStore|iPhone
		{6A62E9A5-7EF0-4A3A-B972-0B350AB75F02}.AppStore|ARM.ActiveCfg = AppStore|iPhone
		{6A62E9A5-7EF0-4A3A-B972-0B350AB75F02}.AppStore|iPhone.ActiveCfg = AppStore|iPhone
		{6A62E9A5-7EF0-4A3A-B972-0B350AB75F02}.AppStore|iPhone.Build.0 = AppStore|iPhone
		{6A62E9A5-7EF0-4A3A-B972-0B350AB75F02}.AppStore|iPhoneSimulator.ActiveCfg = AppStore|iPhoneSimulator
		{6A62E9A5-7EF0-4A3A-B972-0B350AB75F02}.AppStore|iPhoneSimulator.Build.0 = AppStore|iPhoneSimulator
		{6A62E9A5-7EF0-4A3A-B972-0B350AB75F02}.AppStore|x64.ActiveCfg = AppStore|iPhone
		{6A62E9A5-7EF0-4A3A-B972-0B350AB75F02}.AppStore|x86.ActiveCfg = AppStore|iPhone
		{6A62E9A5-7EF0-4A3A-B972-0B350AB75F02}.Debug|Any CPU.ActiveCfg = Debug|iPhone
		{6A62E9A5-7EF0-4A3A-B972-0B350AB75F02}.Debug|ARM.ActiveCfg = Debug|iPhone
		{6A62E9A5-7EF0-4A3A-B972-0B350AB75F02}.Debug|iPhone.ActiveCfg = Debug|iPhone
		{6A62E9A5-7EF0-4A3A-B972-0B350AB75F02}.Debug|iPhone.Build.0 = Debug|iPhone
		{6A62E9A5-7EF0-4A3A-B972-0B350AB75F02}.Debug|iPhoneSimulator.ActiveCfg = Debug|iPhoneSimulator
		{6A62E9A5-7EF0-4A3A-B972-0B350AB75F02}.Debug|iPhoneSimulator.Build.0 = Debug|iPhoneSimulator
		{6A62E9A5-7EF0-4A3A-B972-0B350AB75F02}.Debug|x64.ActiveCfg = Debug|iPhone
		{6A62E9A5-7EF0-4A3A-B972-0B350AB75F02}.Debug|x86.ActiveCfg = Debug|iPhone
		{6A62E9A5-7EF0-4A3A-B972-0B350AB75F02}.Release|Any CPU.ActiveCfg = Release|iPhone
		{6A62E9A5-7EF0-4A3A-B972-0B350AB75F02}.Release|ARM.ActiveCfg = Release|iPhone
		{6A62E9A5-7EF0-4A3A-B972-0B350AB75F02}.Release|iPhone.ActiveCfg = Release|iPhone
		{6A62E9A5-7EF0-4A3A-B972-0B350AB75F02}.Release|iPhone.Build.0 = Release|iPhone
		{6A62E9A5-7EF0-4A3A-B972-0B350AB75F02}.Release|iPhoneSimulator.ActiveCfg = Release|iPhoneSimulator
		{6A62E9A5-7EF0-4A3A-B972-0B350AB75F02}.Release|iPhoneSimulator.Build.0 = Release|iPhoneSimulator
		{6A62E9A5-7EF0-4A3A-B972-0B350AB75F02}.Release|x64.ActiveCfg = Release|iPhone
		{6A62E9A5-7EF0-4A3A-B972-0B350AB75F02}.Release|x86.ActiveCfg = Release|iPhone
		{75BFCD10-34C6-4775-A1F4-78B430DAE8AF}.Ad-Hoc|Any CPU.ActiveCfg = Release|x86
		{75BFCD10-34C6-4775-A1F4-78B430DAE8AF}.Ad-Hoc|Any CPU.Build.0 = Release|x86
		{75BFCD10-34C6-4775-A1F4-78B430DAE8AF}.Ad-Hoc|Any CPU.Deploy.0 = Release|x86
		{75BFCD10-34C6-4775-A1F4-78B430DAE8AF}.Ad-Hoc|ARM.ActiveCfg = Release|ARM
		{75BFCD10-34C6-4775-A1F4-78B430DAE8AF}.Ad-Hoc|ARM.Build.0 = Release|ARM
		{75BFCD10-34C6-4775-A1F4-78B430DAE8AF}.Ad-Hoc|ARM.Deploy.0 = Release|ARM
		{75BFCD10-34C6-4775-A1F4-78B430DAE8AF}.Ad-Hoc|iPhone.ActiveCfg = Release|x86
		{75BFCD10-34C6-4775-A1F4-78B430DAE8AF}.Ad-Hoc|iPhone.Build.0 = Release|x86
		{75BFCD10-34C6-4775-A1F4-78B430DAE8AF}.Ad-Hoc|iPhone.Deploy.0 = Release|x86
		{75BFCD10-34C6-4775-A1F4-78B430DAE8AF}.Ad-Hoc|iPhoneSimulator.ActiveCfg = Release|x86
		{75BFCD10-34C6-4775-A1F4-78B430DAE8AF}.Ad-Hoc|iPhoneSimulator.Build.0 = Release|x86
		{75BFCD10-34C6-4775-A1F4-78B430DAE8AF}.Ad-Hoc|iPhoneSimulator.Deploy.0 = Release|x86
		{75BFCD10-34C6-4775-A1F4-78B430DAE8AF}.Ad-Hoc|x64.ActiveCfg = Release|x64
		{75BFCD10-34C6-4775-A1F4-78B430DAE8AF}.Ad-Hoc|x64.Build.0 = Release|x64
		{75BFCD10-34C6-4775-A1F4-78B430DAE8AF}.Ad-Hoc|x64.Deploy.0 = Release|x64
		{75BFCD10-34C6-4775-A1F4-78B430DAE8AF}.Ad-Hoc|x86.ActiveCfg = Release|x86
		{75BFCD10-34C6-4775-A1F4-78B430DAE8AF}.Ad-Hoc|x86.Build.0 = Release|x86
		{75BFCD10-34C6-4775-A1F4-78B430DAE8AF}.Ad-Hoc|x86.Deploy.0 = Release|x86
		{75BFCD10-34C6-4775-A1F4-78B430DAE8AF}.AppStore|Any CPU.ActiveCfg = Release|x86
		{75BFCD10-34C6-4775-A1F4-78B430DAE8AF}.AppStore|Any CPU.Build.0 = Release|x86
		{75BFCD10-34C6-4775-A1F4-78B430DAE8AF}.AppStore|Any CPU.Deploy.0 = Release|x86
		{75BFCD10-34C6-4775-A1F4-78B430DAE8AF}.AppStore|ARM.ActiveCfg = Release|ARM
		{75BFCD10-34C6-4775-A1F4-78B430DAE8AF}.AppStore|ARM.Build.0 = Release|ARM
		{75BFCD10-34C6-4775-A1F4-78B430DAE8AF}.AppStore|ARM.Deploy.0 = Release|ARM
		{75BFCD10-34C6-4775-A1F4-78B430DAE8AF}.AppStore|iPhone.ActiveCfg = Release|x86
		{75BFCD10-34C6-4775-A1F4-78B430DAE8AF}.AppStore|iPhone.Build.0 = Release|x86
		{75BFCD10-34C6-4775-A1F4-78B430DAE8AF}.AppStore|iPhone.Deploy.0 = Release|x86
		{75BFCD10-34C6-4775-A1F4-78B430DAE8AF}.AppStore|iPhoneSimulator.ActiveCfg = Release|x86
		{75BFCD10-34C6-4775-A1F4-78B430DAE8AF}.AppStore|iPhoneSimulator.Build.0 = Release|x86
		{75BFCD10-34C6-4775-A1F4-78B430DAE8AF}.AppStore|iPhoneSimulator.Deploy.0 = Release|x86
		{75BFCD10-34C6-4775-A1F4-78B430DAE8AF}.AppStore|x64.ActiveCfg = Release|x64
		{75BFCD10-34C6-4775-A1F4-78B430DAE8AF}.AppStore|x64.Build.0 = Release|x64
		{75BFCD10-34C6-4775-A1F4-78B430DAE8AF}.AppStore|x64.Deploy.0 = Release|x64
		{75BFCD10-34C6-4775-A1F4-78B430DAE8AF}.AppStore|x86.ActiveCfg = Release|x86
		{75BFCD10-34C6-4775-A1F4-78B430DAE8AF}.AppStore|x86.Build.0 = Release|x86
		{75BFCD10-34C6-4775-A1F4-78B430DAE8AF}.AppStore|x86.Deploy.0 = Release|x86
		{75BFCD10-34C6-4775-A1F4-78B430DAE8AF}.Debug|Any CPU.ActiveCfg = Debug|x86
		{75BFCD10-34C6-4775-A1F4-78B430DAE8AF}.Debug|ARM.ActiveCfg = Debug|ARM
		{75BFCD10-34C6-4775-A1F4-78B430DAE8AF}.Debug|ARM.Build.0 = Debug|ARM
		{75BFCD10-34C6-4775-A1F4-78B430DAE8AF}.Debug|ARM.Deploy.0 = Debug|ARM
		{75BFCD10-34C6-4775-A1F4-78B430DAE8AF}.Debug|iPhone.ActiveCfg = Debug|x86
		{75BFCD10-34C6-4775-A1F4-78B430DAE8AF}.Debug|iPhoneSimulator.ActiveCfg = Debug|x86
		{75BFCD10-34C6-4775-A1F4-78B430DAE8AF}.Debug|x64.ActiveCfg = Debug|x64
		{75BFCD10-34C6-4775-A1F4-78B430DAE8AF}.Debug|x64.Build.0 = Debug|x64
		{75BFCD10-34C6-4775-A1F4-78B430DAE8AF}.Debug|x64.Deploy.0 = Debug|x64
		{75BFCD10-34C6-4775-A1F4-78B430DAE8AF}.Debug|x86.ActiveCfg = Debug|x86
		{75BFCD10-34C6-4775-A1F4-78B430DAE8AF}.Debug|x86.Build.0 = Debug|x86
		{75BFCD10-34C6-4775-A1F4-78B430DAE8AF}.Debug|x86.Deploy.0 = Debug|x86
		{75BFCD10-34C6-4775-A1F4-78B430DAE8AF}.Release|Any CPU.ActiveCfg = Release|x86
		{75BFCD10-34C6-4775-A1F4-78B430DAE8AF}.Release|ARM.ActiveCfg = Release|ARM
		{75BFCD10-34C6-4775-A1F4-78B430DAE8AF}.Release|ARM.Build.0 = Release|ARM
		{75BFCD10-34C6-4775-A1F4-78B430DAE8AF}.Release|ARM.Deploy.0 = Release|ARM
		{75BFCD10-34C6-4775-A1F4-78B430DAE8AF}.Release|iPhone.ActiveCfg = Release|x86
		{75BFCD10-34C6-4775-A1F4-78B430DAE8AF}.Release|iPhoneSimulator.ActiveCfg = Release|x86
		{75BFCD10-34C6-4775-A1F4-78B430DAE8AF}.Release|x64.ActiveCfg = Release|x64
		{75BFCD10-34C6-4775-A1F4-78B430DAE8AF}.Release|x64.Build.0 = Release|x64
		{75BFCD10-34C6-4775-A1F4-78B430DAE8AF}.Release|x64.Deploy.0 = Release|x64
		{75BFCD10-34C6-4775-A1F4-78B430DAE8AF}.Release|x86.ActiveCfg = Release|x86
		{75BFCD10-34C6-4775-A1F4-78B430DAE8AF}.Release|x86.Build.0 = Release|x86
		{75BFCD10-34C6-4775-A1F4-78B430DAE8AF}.Release|x86.Deploy.0 = Release|x86
	EndGlobalSection
	GlobalSection(SolutionProperties) = preSolution
		HideSolutionNode = FALSE
	EndGlobalSection
EndGlobal
